// !$*UTF8*$!
{
	archiveVersion = 1;
	classes = {
	};
	objectVersion = 56;
	objects = {

/* Begin PBXBuildFile section */
		49C3CFC229C240130017C8EE /* AppDelegate.swift in Sources */ = {isa = PBXBuildFile; fileRef = 49C3CFC129C240130017C8EE /* AppDelegate.swift */; };
		49C3CFC429C240130017C8EE /* SceneDelegate.swift in Sources */ = {isa = PBXBuildFile; fileRef = 49C3CFC329C240130017C8EE /* SceneDelegate.swift */; };
		49C3CFC629C240130017C8EE /* SignInVC.swift in Sources */ = {isa = PBXBuildFile; fileRef = 49C3CFC529C240130017C8EE /* SignInVC.swift */; };
		49C3CFC929C240130017C8EE /* Main.storyboard in Resources */ = {isa = PBXBuildFile; fileRef = 49C3CFC729C240130017C8EE /* Main.storyboard */; };
		49C3CFCB29C240140017C8EE /* Assets.xcassets in Resources */ = {isa = PBXBuildFile; fileRef = 49C3CFCA29C240140017C8EE /* Assets.xcassets */; };
		49C3CFCE29C240140017C8EE /* LaunchScreen.storyboard in Resources */ = {isa = PBXBuildFile; fileRef = 49C3CFCC29C240140017C8EE /* LaunchScreen.storyboard */; };
		49C3CFD629C240D30017C8EE /* GoogleService-Info.plist in Resources */ = {isa = PBXBuildFile; fileRef = 49C3CFD529C240D30017C8EE /* GoogleService-Info.plist */; };
		49C860DB29C37D27000AF549 /* FeedVC.swift in Sources */ = {isa = PBXBuildFile; fileRef = 49C860DA29C37D27000AF549 /* FeedVC.swift */; };
		49C860DD29C37D3A000AF549 /* UploadVC.swift in Sources */ = {isa = PBXBuildFile; fileRef = 49C860DC29C37D3A000AF549 /* UploadVC.swift */; };
		49C860DF29C37D4C000AF549 /* SettingsVC.swift in Sources */ = {isa = PBXBuildFile; fileRef = 49C860DE29C37D4C000AF549 /* SettingsVC.swift */; };
		49C860E329C38651000AF549 /* SnapVC.swift in Sources */ = {isa = PBXBuildFile; fileRef = 49C860E229C38651000AF549 /* SnapVC.swift */; };
		C4691D0C189464FA54624A75 /* Pods_SnapchatClone.framework in Frameworks */ = {isa = PBXBuildFile; fileRef = B8D33E24DD7CC4708375A7A7 /* Pods_SnapchatClone.framework */; };
/* End PBXBuildFile section */

/* Begin PBXFileReference section */
		49C3CFBE29C240130017C8EE /* SnapchatClone.app */ = {isa = PBXFileReference; explicitFileType = wrapper.application; includeInIndex = 0; path = SnapchatClone.app; sourceTree = BUILT_PRODUCTS_DIR; };
		49C3CFC129C240130017C8EE /* AppDelegate.swift */ = {isa = PBXFileReference; lastKnownFileType = sourcecode.swift; path = AppDelegate.swift; sourceTree = "<group>"; };
		49C3CFC329C240130017C8EE /* SceneDelegate.swift */ = {isa = PBXFileReference; lastKnownFileType = sourcecode.swift; path = SceneDelegate.swift; sourceTree = "<group>"; };
		49C3CFC529C240130017C8EE /* SignInVC.swift */ = {isa = PBXFileReference; lastKnownFileType = sourcecode.swift; path = SignInVC.swift; sourceTree = "<group>"; };
		49C3CFC829C240130017C8EE /* Base */ = {isa = PBXFileReference; lastKnownFileType = file.storyboard; name = Base; path = Base.lproj/Main.storyboard; sourceTree = "<group>"; };
		49C3CFCA29C240140017C8EE /* Assets.xcassets */ = {isa = PBXFileReference; lastKnownFileType = folder.assetcatalog; path = Assets.xcassets; sourceTree = "<group>"; };
		49C3CFCD29C240140017C8EE /* Base */ = {isa = PBXFileReference; lastKnownFileType = file.storyboard; name = Base; path = Base.lproj/LaunchScreen.storyboard; sourceTree = "<group>"; };
		49C3CFCF29C240140017C8EE /* Info.plist */ = {isa = PBXFileReference; lastKnownFileType = text.plist.xml; path = Info.plist; sourceTree = "<group>"; };
		49C3CFD529C240D30017C8EE /* GoogleService-Info.plist */ = {isa = PBXFileReference; fileEncoding = 4; lastKnownFileType = text.plist.xml; path = "GoogleService-Info.plist"; sourceTree = "<group>"; };
		49C860DA29C37D27000AF549 /* FeedVC.swift */ = {isa = PBXFileReference; lastKnownFileType = sourcecode.swift; path = FeedVC.swift; sourceTree = "<group>"; };
		49C860DC29C37D3A000AF549 /* UploadVC.swift */ = {isa = PBXFileReference; lastKnownFileType = sourcecode.swift; path = UploadVC.swift; sourceTree = "<group>"; };
		49C860DE29C37D4C000AF549 /* SettingsVC.swift */ = {isa = PBXFileReference; lastKnownFileType = sourcecode.swift; path = SettingsVC.swift; sourceTree = "<group>"; };
		49C860E229C38651000AF549 /* SnapVC.swift */ = {isa = PBXFileReference; lastKnownFileType = sourcecode.swift; path = SnapVC.swift; sourceTree = "<group>"; };
		77BE4248BF048B28556F3536 /* Pods-SnapchatClone.release.xcconfig */ = {isa = PBXFileReference; includeInIndex = 1; lastKnownFileType = text.xcconfig; name = "Pods-SnapchatClone.release.xcconfig"; path = "Target Support Files/Pods-SnapchatClone/Pods-SnapchatClone.release.xcconfig"; sourceTree = "<group>"; };
		B8D33E24DD7CC4708375A7A7 /* Pods_SnapchatClone.framework */ = {isa = PBXFileReference; explicitFileType = wrapper.framework; includeInIndex = 0; path = Pods_SnapchatClone.framework; sourceTree = BUILT_PRODUCTS_DIR; };
		D8AE43DB3D861596FC301A20 /* Pods-SnapchatClone.debug.xcconfig */ = {isa = PBXFileReference; includeInIndex = 1; lastKnownFileType = text.xcconfig; name = "Pods-SnapchatClone.debug.xcconfig"; path = "Target Support Files/Pods-SnapchatClone/Pods-SnapchatClone.debug.xcconfig"; sourceTree = "<group>"; };
/* End PBXFileReference section */

/* Begin PBXFrameworksBuildPhase section */
		49C3CFBB29C240130017C8EE /* Frameworks */ = {
			isa = PBXFrameworksBuildPhase;
			buildActionMask = 2147483647;
			files = (
				C4691D0C189464FA54624A75 /* Pods_SnapchatClone.framework in Frameworks */,
			);
			runOnlyForDeploymentPostprocessing = 0;
		};
/* End PBXFrameworksBuildPhase section */

/* Begin PBXGroup section */
		3757EFB9CEE0D658980CB998 /* Frameworks */ = {
			isa = PBXGroup;
			children = (
				B8D33E24DD7CC4708375A7A7 /* Pods_SnapchatClone.framework */,
			);
			name = Frameworks;
			sourceTree = "<group>";
		};
		49C3CFB529C240130017C8EE = {
			isa = PBXGroup;
			children = (
				49C3CFC029C240130017C8EE /* SnapchatClone */,
				49C3CFBF29C240130017C8EE /* Products */,
				881513AE16FDEFDEA1279BCB /* Pods */,
				3757EFB9CEE0D658980CB998 /* Frameworks */,
			);
			sourceTree = "<group>";
		};
		49C3CFBF29C240130017C8EE /* Products */ = {
			isa = PBXGroup;
			children = (
				49C3CFBE29C240130017C8EE /* SnapchatClone.app */,
			);
			name = Products;
			sourceTree = "<group>";
		};
		49C3CFC029C240130017C8EE /* SnapchatClone */ = {
			isa = PBXGroup;
			children = (
				49C860E129C37D83000AF549 /* Delegates */,
				49C860E029C37D5C000AF549 /* ViewControllers */,
				49C3CFC729C240130017C8EE /* Main.storyboard */,
				49C3CFCA29C240140017C8EE /* Assets.xcassets */,
				49C3CFCC29C240140017C8EE /* LaunchScreen.storyboard */,
				49C3CFCF29C240140017C8EE /* Info.plist */,
				49C3CFD529C240D30017C8EE /* GoogleService-Info.plist */,
			);
			path = SnapchatClone;
			sourceTree = "<group>";
		};
		49C860E029C37D5C000AF549 /* ViewControllers */ = {
			isa = PBXGroup;
			children = (
				49C3CFC529C240130017C8EE /* SignInVC.swift */,
				49C860DA29C37D27000AF549 /* FeedVC.swift */,
				49C860DC29C37D3A000AF549 /* UploadVC.swift */,
				49C860DE29C37D4C000AF549 /* SettingsVC.swift */,
				49C860E229C38651000AF549 /* SnapVC.swift */,
			);
			path = ViewControllers;
			sourceTree = "<group>";
		};
		49C860E129C37D83000AF549 /* Delegates */ = {
			isa = PBXGroup;
			children = (
				49C3CFC129C240130017C8EE /* AppDelegate.swift */,
				49C3CFC329C240130017C8EE /* SceneDelegate.swift */,
			);
			path = Delegates;
			sourceTree = "<group>";
		};
		881513AE16FDEFDEA1279BCB /* Pods */ = {
			isa = PBXGroup;
			children = (
				D8AE43DB3D861596FC301A20 /* Pods-SnapchatClone.debug.xcconfig */,
				77BE4248BF048B28556F3536 /* Pods-SnapchatClone.release.xcconfig */,
			);
			path = Pods;
			sourceTree = "<group>";
		};
/* End PBXGroup section */

/* Begin PBXNativeTarget section */
		49C3CFBD29C240130017C8EE /* SnapchatClone */ = {
			isa = PBXNativeTarget;
			buildConfigurationList = 49C3CFD229C240140017C8EE /* Build configuration list for PBXNativeTarget "SnapchatClone" */;
			buildPhases = (
				0DB2A2B9EFDBA1A90318BE15 /* [CP] Check Pods Manifest.lock */,
				49C3CFBA29C240130017C8EE /* Sources */,
				49C3CFBB29C240130017C8EE /* Frameworks */,
				49C3CFBC29C240130017C8EE /* Resources */,
				9EB47EB32ED07AC95815F217 /* [CP] Embed Pods Frameworks */,
			);
			buildRules = (
			);
			dependencies = (
			);
			name = SnapchatClone;
			productName = SnapchatClone;
			productReference = 49C3CFBE29C240130017C8EE /* SnapchatClone.app */;
			productType = "com.apple.product-type.application";
		};
/* End PBXNativeTarget section */

/* Begin PBXProject section */
		49C3CFB629C240130017C8EE /* Project object */ = {
			isa = PBXProject;
			attributes = {
				BuildIndependentTargetsInParallel = 1;
				LastSwiftUpdateCheck = 1420;
				LastUpgradeCheck = 1420;
				TargetAttributes = {
					49C3CFBD29C240130017C8EE = {
						CreatedOnToolsVersion = 14.2;
					};
				};
			};
			buildConfigurationList = 49C3CFB929C240130017C8EE /* Build configuration list for PBXProject "SnapchatClone" */;
			compatibilityVersion = "Xcode 14.0";
			developmentRegion = en;
			hasScannedForEncodings = 0;
			knownRegions = (
				en,
				Base,
			);
			mainGroup = 49C3CFB529C240130017C8EE;
			productRefGroup = 49C3CFBF29C240130017C8EE /* Products */;
			projectDirPath = "";
			projectRoot = "";
			targets = (
				49C3CFBD29C240130017C8EE /* SnapchatClone */,
			);
		};
/* End PBXProject section */

/* Begin PBXResourcesBuildPhase section */
		49C3CFBC29C240130017C8EE /* Resources */ = {
			isa = PBXResourcesBuildPhase;
			buildActionMask = 2147483647;
			files = (
				49C3CFCE29C240140017C8EE /* LaunchScreen.storyboard in Resources */,
				49C3CFD629C240D30017C8EE /* GoogleService-Info.plist in Resources */,
				49C3CFCB29C240140017C8EE /* Assets.xcassets in Resources */,
				49C3CFC929C240130017C8EE /* Main.storyboard in Resources */,
			);
			runOnlyForDeploymentPostprocessing = 0;
		};
/* End PBXResourcesBuildPhase section */

/* Begin PBXShellScriptBuildPhase section */
		0DB2A2B9EFDBA1A90318BE15 /* [CP] Check Pods Manifest.lock */ = {
			isa = PBXShellScriptBuildPhase;
			buildActionMask = 2147483647;
			files = (
			);
			inputFileListPaths = (
			);
			inputPaths = (
				"${PODS_PODFILE_DIR_PATH}/Podfile.lock",
				"${PODS_ROOT}/Manifest.lock",
			);
			name = "[CP] Check Pods Manifest.lock";
			outputFileListPaths = (
			);
			outputPaths = (
				"$(DERIVED_FILE_DIR)/Pods-SnapchatClone-checkManifestLockResult.txt",
			);
			runOnlyForDeploymentPostprocessing = 0;
			shellPath = /bin/sh;
			shellScript = "diff \"${PODS_PODFILE_DIR_PATH}/Podfile.lock\" \"${PODS_ROOT}/Manifest.lock\" > /dev/null\nif [ $? != 0 ] ; then\n    # print error to STDERR\n    echo \"error: The sandbox is not in sync with the Podfile.lock. Run 'pod install' or update your CocoaPods installation.\" >&2\n    exit 1\nfi\n# This output is used by Xcode 'outputs' to avoid re-running this script phase.\necho \"SUCCESS\" > \"${SCRIPT_OUTPUT_FILE_0}\"\n";
			showEnvVarsInLog = 0;
		};
		9EB47EB32ED07AC95815F217 /* [CP] Embed Pods Frameworks */ = {
			isa = PBXShellScriptBuildPhase;
			buildActionMask = 2147483647;
			files = (
			);
			inputFileListPaths = (
				"${PODS_ROOT}/Target Support Files/Pods-SnapchatClone/Pods-SnapchatClone-frameworks-${CONFIGURATION}-input-files.xcfilelist",
			);
			name = "[CP] Embed Pods Frameworks";
			outputFileListPaths = (
				"${PODS_ROOT}/Target Support Files/Pods-SnapchatClone/Pods-SnapchatClone-frameworks-${CONFIGURATION}-output-files.xcfilelist",
			);
			runOnlyForDeploymentPostprocessing = 0;
			shellPath = /bin/sh;
			shellScript = "\"${PODS_ROOT}/Target Support Files/Pods-SnapchatClone/Pods-SnapchatClone-frameworks.sh\"\n";
			showEnvVarsInLog = 0;
		};
/* End PBXShellScriptBuildPhase section */

/* Begin PBXSourcesBuildPhase section */
		49C3CFBA29C240130017C8EE /* Sources */ = {
			isa = PBXSourcesBuildPhase;
			buildActionMask = 2147483647;
			files = (
				49C860DB29C37D27000AF549 /* FeedVC.swift in Sources */,
				49C3CFC629C240130017C8EE /* SignInVC.swift in Sources */,
				49C3CFC229C240130017C8EE /* AppDelegate.swift in Sources */,
				49C860DD29C37D3A000AF549 /* UploadVC.swift in Sources */,
				49C860E329C38651000AF549 /* SnapVC.swift in Sources */,
				49C3CFC429C240130017C8EE /* SceneDelegate.swift in Sources */,
				49C860DF29C37D4C000AF549 /* SettingsVC.swift in Sources */,
			);
			runOnlyForDeploymentPostprocessing = 0;
		};
/* End PBXSourcesBuildPhase section */

/* Begin PBXVariantGroup section */
		49C3CFC729C240130017C8EE /* Main.storyboard */ = {
			isa = PBXVariantGroup;
			children = (
				49C3CFC829C240130017C8EE /* Base */,
			);
			name = Main.storyboard;
			sourceTree = "<group>";
		};
		49C3CFCC29C240140017C8EE /* LaunchScreen.storyboard */ = {
			isa = PBXVariantGroup;
			children = (
				49C3CFCD29C240140017C8EE /* Base */,
			);
			name = LaunchScreen.storyboard;
			sourceTree = "<group>";
		};
/* End PBXVariantGroup section */

/* Begin XCBuildConfiguration section */
		49C3CFD029C240140017C8EE /* Debug */ = {
			isa = XCBuildConfiguration;
			buildSettings = {
				ALWAYS_SEARCH_USER_PATHS = NO;
				CLANG_ANALYZER_NONNULL = YES;
				CLANG_ANALYZER_NUMBER_OBJECT_CONVERSION = YES_AGGRESSIVE;
				CLANG_CXX_LANGUAGE_STANDARD = "gnu++20";
				CLANG_ENABLE_MODULES = YES;
				CLANG_ENABLE_OBJC_ARC = YES;
				CLANG_ENABLE_OBJC_WEAK = YES;
				CLANG_WARN_BLOCK_CAPTURE_AUTORELEASING = YES;
				CLANG_WARN_BOOL_CONVERSION = YES;
				CLANG_WARN_COMMA = YES;
				CLANG_WARN_CONSTANT_CONVERSION = YES;
				CLANG_WARN_DEPRECATED_OBJC_IMPLEMENTATIONS = YES;
				CLANG_WARN_DIRECT_OBJC_ISA_USAGE = YES_ERROR;
				CLANG_WARN_DOCUMENTATION_COMMENTS = YES;
				CLANG_WARN_EMPTY_BODY = YES;
				CLANG_WARN_ENUM_CONVERSION = YES;
				CLANG_WARN_INFINITE_RECURSION = YES;
				CLANG_WARN_INT_CONVERSION = YES;
				CLANG_WARN_NON_LITERAL_NULL_CONVERSION = YES;
				CLANG_WARN_OBJC_IMPLICIT_RETAIN_SELF = YES;
				CLANG_WARN_OBJC_LITERAL_CONVERSION = YES;
				CLANG_WARN_OBJC_ROOT_CLASS = YES_ERROR;
				CLANG_WARN_QUOTED_INCLUDE_IN_FRAMEWORK_HEADER = YES;
				CLANG_WARN_RANGE_LOOP_ANALYSIS = YES;
				CLANG_WARN_STRICT_PROTOTYPES = YES;
				CLANG_WARN_SUSPICIOUS_MOVE = YES;
				CLANG_WARN_UNGUARDED_AVAILABILITY = YES_AGGRESSIVE;
				CLANG_WARN_UNREACHABLE_CODE = YES;
				CLANG_WARN__DUPLICATE_METHOD_MATCH = YES;
				COPY_PHASE_STRIP = NO;
				DEBUG_INFORMATION_FORMAT = dwarf;
				ENABLE_STRICT_OBJC_MSGSEND = YES;
				ENABLE_TESTABILITY = YES;
				GCC_C_LANGUAGE_STANDARD = gnu11;
				GCC_DYNAMIC_NO_PIC = NO;
				GCC_NO_COMMON_BLOCKS = YES;
				GCC_OPTIMIZATION_LEVEL = 0;
				GCC_PREPROCESSOR_DEFINITIONS = (
					"DEBUG=1",
					"$(inherited)",
				);
				GCC_WARN_64_TO_32_BIT_CONVERSION = YES;
				GCC_WARN_ABOUT_RETURN_TYPE = YES_ERROR;
				GCC_WARN_UNDECLARED_SELECTOR = YES;
				GCC_WARN_UNINITIALIZED_AUTOS = YES_AGGRESSIVE;
				GCC_WARN_UNUSED_FUNCTION = YES;
				GCC_WARN_UNUSED_VARIABLE = YES;
				IPHONEOS_DEPLOYMENT_TARGET = 16.2;
				MTL_ENABLE_DEBUG_INFO = INCLUDE_SOURCE;
				MTL_FAST_MATH = YES;
				ONLY_ACTIVE_ARCH = YES;
				SDKROOT = iphoneos;
				SWIFT_ACTIVE_COMPILATION_CONDITIONS = DEBUG;
				SWIFT_OPTIMIZATION_LEVEL = "-Onone";
			};
			name = Debug;
		};
		49C3CFD129C240140017C8EE /* Release */ = {
			isa = XCBuildConfiguration;
			buildSettings = {
				ALWAYS_SEARCH_USER_PATHS = NO;
				CLANG_ANALYZER_NONNULL = YES;
				CLANG_ANALYZER_NUMBER_OBJECT_CONVERSION = YES_AGGRESSIVE;
				CLANG_CXX_LANGUAGE_STANDARD = "gnu++20";
				CLANG_ENABLE_MODULES = YES;
				CLANG_ENABLE_OBJC_ARC = YES;
				CLANG_ENABLE_OBJC_WEAK = YES;
				CLANG_WARN_BLOCK_CAPTURE_AUTORELEASING = YES;
				CLANG_WARN_BOOL_CONVERSION = YES;
				CLANG_WARN_COMMA = YES;
				CLANG_WARN_CONSTANT_CONVERSION = YES;
				CLANG_WARN_DEPRECATED_OBJC_IMPLEMENTATIONS = YES;
				CLANG_WARN_DIRECT_OBJC_ISA_USAGE = YES_ERROR;
				CLANG_WARN_DOCUMENTATION_COMMENTS = YES;
				CLANG_WARN_EMPTY_BODY = YES;
				CLANG_WARN_ENUM_CONVERSION = YES;
				CLANG_WARN_INFINITE_RECURSION = YES;
				CLANG_WARN_INT_CONVERSION = YES;
				CLANG_WARN_NON_LITERAL_NULL_CONVERSION = YES;
				CLANG_WARN_OBJC_IMPLICIT_RETAIN_SELF = YES;
				CLANG_WARN_OBJC_LITERAL_CONVERSION = YES;
				CLANG_WARN_OBJC_ROOT_CLASS = YES_ERROR;
				CLANG_WARN_QUOTED_INCLUDE_IN_FRAMEWORK_HEADER = YES;
				CLANG_WARN_RANGE_LOOP_ANALYSIS = YES;
				CLANG_WARN_STRICT_PROTOTYPES = YES;
				CLANG_WARN_SUSPICIOUS_MOVE = YES;
				CLANG_WARN_UNGUARDED_AVAILABILITY = YES_AGGRESSIVE;
				CLANG_WARN_UNREACHABLE_CODE = YES;
				CLANG_WARN__DUPLICATE_METHOD_MATCH = YES;
				COPY_PHASE_STRIP = NO;
				DEBUG_INFORMATION_FORMAT = "dwarf-with-dsym";
				ENABLE_NS_ASSERTIONS = NO;
				ENABLE_STRICT_OBJC_MSGSEND = YES;
				GCC_C_LANGUAGE_STANDARD = gnu11;
				GCC_NO_COMMON_BLOCKS = YES;
				GCC_WARN_64_TO_32_BIT_CONVERSION = YES;
				GCC_WARN_ABOUT_RETURN_TYPE = YES_ERROR;
				GCC_WARN_UNDECLARED_SELECTOR = YES;
				GCC_WARN_UNINITIALIZED_AUTOS = YES_AGGRESSIVE;
				GCC_WARN_UNUSED_FUNCTION = YES;
				GCC_WARN_UNUSED_VARIABLE = YES;
				IPHONEOS_DEPLOYMENT_TARGET = 16.2;
				MTL_ENABLE_DEBUG_INFO = NO;
				MTL_FAST_MATH = YES;
				SDKROOT = iphoneos;
				SWIFT_COMPILATION_MODE = wholemodule;
				SWIFT_OPTIMIZATION_LEVEL = "-O";
				VALIDATE_PRODUCT = YES;
			};
			name = Release;
		};
		49C3CFD329C240140017C8EE /* Debug */ = {
			isa = XCBuildConfiguration;
			baseConfigurationReference = D8AE43DB3D861596FC301A20 /* Pods-SnapchatClone.debug.xcconfig */;
			buildSettings = {
				ASSETCATALOG_COMPILER_APPICON_NAME = AppIcon;
				ASSETCATALOG_COMPILER_GLOBAL_ACCENT_COLOR_NAME = AccentColor;
				CODE_SIGN_STYLE = Automatic;
				CURRENT_PROJECT_VERSION = 1;
				DEVELOPMENT_TEAM = A8MUA8B3X2;
				GENERATE_INFOPLIST_FILE = YES;
				INFOPLIST_FILE = SnapchatClone/Info.plist;
				INFOPLIST_KEY_UIApplicationSupportsIndirectInputEvents = YES;
				INFOPLIST_KEY_UILaunchStoryboardName = LaunchScreen;
				INFOPLIST_KEY_UIMainStoryboardFile = Main;
				INFOPLIST_KEY_UISupportedInterfaceOrientations_iPad = "UIInterfaceOrientationPortrait UIInterfaceOrientationPortraitUpsideDown UIInterfaceOrientationLandscapeLeft UIInterfaceOrientationLandscapeRight";
				INFOPLIST_KEY_UISupportedInterfaceOrientations_iPhone = "UIInterfaceOrientationPortrait UIInterfaceOrientationLandscapeLeft UIInterfaceOrientationLandscapeRight";
				LD_RUNPATH_SEARCH_PATHS = (
					"$(inherited)",
					"@executable_path/Frameworks",
				);
				MARKETING_VERSION = 1.0;
				PRODUCT_BUNDLE_IDENTIFIER = lodkag.SnapchatClone;
				PRODUCT_NAME = "$(TARGET_NAME)";
				SWIFT_EMIT_LOC_STRINGS = YES;
				SWIFT_VERSION = 5.0;
				TARGETED_DEVICE_FAMILY = "1,2";
			};
			name = Debug;
		};
		49C3CFD429C240140017C8EE /* Release */ = {
			isa = XCBuildConfiguration;
			baseConfigurationReference = 77BE4248BF048B28556F3536 /* Pods-SnapchatClone.release.xcconfig */;
			buildSettings = {
				ASSETCATALOG_COMPILER_APPICON_NAME = AppIcon;
				ASSETCATALOG_COMPILER_GLOBAL_ACCENT_COLOR_NAME = AccentColor;
				CODE_SIGN_STYLE = Automatic;
				CURRENT_PROJECT_VERSION = 1;
				DEVELOPMENT_TEAM = A8MUA8B3X2;
				GENERATE_INFOPLIST_FILE = YES;
				INFOPLIST_FILE = SnapchatClone/Info.plist;
				INFOPLIST_KEY_UIApplicationSupportsIndirectInputEvents = YES;
				INFOPLIST_KEY_UILaunchStoryboardName = LaunchScreen;
				INFOPLIST_KEY_UIMainStoryboardFile = Main;
				INFOPLIST_KEY_UISupportedInterfaceOrientations_iPad = "UIInterfaceOrientationPortrait UIInterfaceOrientationPortraitUpsideDown UIInterfaceOrientationLandscapeLeft UIInterfaceOrientationLandscapeRight";
				INFOPLIST_KEY_UISupportedInterfaceOrientations_iPhone = "UIInterfaceOrientationPortrait UIInterfaceOrientationLandscapeLeft UIInterfaceOrientationLandscapeRight";
				LD_RUNPATH_SEARCH_PATHS = (
					"$(inherited)",
					"@executable_path/Frameworks",
				);
				MARKETING_VERSION = 1.0;
				PRODUCT_BUNDLE_IDENTIFIER = lodkag.SnapchatClone;
				PRODUCT_NAME = "$(TARGET_NAME)";
				SWIFT_EMIT_LOC_STRINGS = YES;
				SWIFT_VERSION = 5.0;
				TARGETED_DEVICE_FAMILY = "1,2";
			};
			name = Release;
		};
/* End XCBuildConfiguration section */

/* Begin XCConfigurationList section */
		49C3CFB929C240130017C8EE /* Build configuration list for PBXProject "SnapchatClone" */ = {
			isa = XCConfigurationList;
			buildConfigurations = (
				49C3CFD029C240140017C8EE /* Debug */,
				49C3CFD129C240140017C8EE /* Release */,
			);
			defaultConfigurationIsVisible = 0;
			defaultConfigurationName = Release;
		};
		49C3CFD229C240140017C8EE /* Build configuration list for PBXNativeTarget "SnapchatClone" */ = {
			isa = XCConfigurationList;
			buildConfigurations = (
				49C3CFD329C240140017C8EE /* Debug */,
				49C3CFD429C240140017C8EE /* Release */,
			);
			defaultConfigurationIsVisible = 0;
			defaultConfigurationName = Release;
		};
/* End XCConfigurationList section */
	};
	rootObject = 49C3CFB629C240130017C8EE /* Project object */;
}
